
Microsoft Visual Studio Solution File, Format Version 12.00
# Visual Studio 15
VisualStudioVersion = 15.0.28307.645
MinimumVisualStudioVersion = 10.0.40219.1
Project("{2150E333-8FDC-42A3-9474-1A3956D46DE8}") = "CQ.IdentityServer", "CQ.IdentityServer", "{6AA2F32B-98B0-4710-AC7D-0FEC5CD4DAFC}"
EndProject
Project("{9A19103F-16F7-4668-BE54-9A1E7A4F7556}") = "CQ.IdentityServer.Api", "..\CQ.IdentityServer\CQ.IdentityServer.Api\CQ.IdentityServer.Api.csproj", "{02C941C3-911F-4EA7-9591-9E02DAA1BFE0}"
EndProject
Project("{9A19103F-16F7-4668-BE54-9A1E7A4F7556}") = "CQ.IdentityServer.Core", "..\CQ.IdentityServer\CQ.IdentityServer.Core\CQ.IdentityServer.Core.csproj", "{83B10EE5-2108-4A0E-A447-63A012FF79F8}"
EndProject
Project("{2150E333-8FDC-42A3-9474-1A3956D46DE8}") = "CQ.Note", "CQ.Note", "{FD7FD97C-C815-479A-A115-34D690D74473}"
EndProject
Project("{9A19103F-16F7-4668-BE54-9A1E7A4F7556}") = "CQ.Note.Api", "..\CQ.Note\CQ.Note.Api\CQ.Note.Api.csproj", "{BF2AE0A7-EA49-4677-A91A-87F216051434}"
EndProject
Project("{9A19103F-16F7-4668-BE54-9A1E7A4F7556}") = "CQ.Note.Core", "..\CQ.Note\CQ.Note.Core\CQ.Note.Core.csproj", "{C754A07C-EEA8-4448-9FEB-A74499DD1FDB}"
EndProject
Global
	GlobalSection(SolutionConfigurationPlatforms) = preSolution
		Debug|Any CPU = Debug|Any CPU
		Release|Any CPU = Release|Any CPU
	EndGlobalSection
	GlobalSection(ProjectConfigurationPlatforms) = postSolution
		{02C941C3-911F-4EA7-9591-9E02DAA1BFE0}.Debug|Any CPU.ActiveCfg = Debug|Any CPU
		{02C941C3-911F-4EA7-9591-9E02DAA1BFE0}.Debug|Any CPU.Build.0 = Debug|Any CPU
		{02C941C3-911F-4EA7-9591-9E02DAA1BFE0}.Release|Any CPU.ActiveCfg = Release|Any CPU
		{02C941C3-911F-4EA7-9591-9E02DAA1BFE0}.Release|Any CPU.Build.0 = Release|Any CPU
		{83B10EE5-2108-4A0E-A447-63A012FF79F8}.Debug|Any CPU.ActiveCfg = Debug|Any CPU
		{83B10EE5-2108-4A0E-A447-63A012FF79F8}.Debug|Any CPU.Build.0 = Debug|Any CPU
		{83B10EE5-2108-4A0E-A447-63A012FF79F8}.Release|Any CPU.ActiveCfg = Release|Any CPU
		{83B10EE5-2108-4A0E-A447-63A012FF79F8}.Release|Any CPU.Build.0 = Release|Any CPU
		{BF2AE0A7-EA49-4677-A91A-87F216051434}.Debug|Any CPU.ActiveCfg = Debug|Any CPU
		{BF2AE0A7-EA49-4677-A91A-87F216051434}.Debug|Any CPU.Build.0 = Debug|Any CPU
		{BF2AE0A7-EA49-4677-A91A-87F216051434}.Release|Any CPU.ActiveCfg = Release|Any CPU
		{BF2AE0A7-EA49-4677-A91A-87F216051434}.Release|Any CPU.Build.0 = Release|Any CPU
		{C754A07C-EEA8-4448-9FEB-A74499DD1FDB}.Debug|Any CPU.ActiveCfg = Debug|Any CPU
		{C754A07C-EEA8-4448-9FEB-A74499DD1FDB}.Debug|Any CPU.Build.0 = Debug|Any CPU
		{C754A07C-EEA8-4448-9FEB-A74499DD1FDB}.Release|Any CPU.ActiveCfg = Release|Any CPU
		{C754A07C-EEA8-4448-9FEB-A74499DD1FDB}.Release|Any CPU.Build.0 = Release|Any CPU
	EndGlobalSection
	GlobalSection(SolutionProperties) = preSolution
		HideSolutionNode = FALSE
	EndGlobalSection
	GlobalSection(NestedProjects) = preSolution
		{02C941C3-911F-4EA7-9591-9E02DAA1BFE0} = {6AA2F32B-98B0-4710-AC7D-0FEC5CD4DAFC}
		{83B10EE5-2108-4A0E-A447-63A012FF79F8} = {6AA2F32B-98B0-4710-AC7D-0FEC5CD4DAFC}
		{BF2AE0A7-EA49-4677-A91A-87F216051434} = {FD7FD97C-C815-479A-A115-34D690D74473}
		{C754A07C-EEA8-4448-9FEB-A74499DD1FDB} = {FD7FD97C-C815-479A-A115-34D690D74473}
	EndGlobalSection
	GlobalSection(ExtensibilityGlobals) = postSolution
		SolutionGuid = {583E97C0-BB87-4A80-ADAB-CED25B97ACC9}
	EndGlobalSection
EndGlobal
